
Microsoft Visual Studio Solution File, Format Version 12.00
# Visual Studio Version 17
VisualStudioVersion = 17.11.35327.3
MinimumVisualStudioVersion = 10.0.40219.1
Project("{FAE04EC0-301F-11D3-BF4B-00C04F79EFBC}") = "WP_Manager", "WP_Manager\WP_Manager.csproj", "{5C7D6E91-AA2E-46D5-B56A-B03D80DC547F}"
EndProject
Global
	GlobalSection(SolutionConfigurationPlatforms) = preSolution
		Debug|Any CPU = Debug|Any CPU
		Release|Any CPU = Release|Any CPU
	EndGlobalSection
	GlobalSection(ProjectConfigurationPlatforms) = postSolution
		{5C7D6E91-AA2E-46D5-B56A-B03D80DC547F}.Debug|Any CPU.ActiveCfg = Debug|Any CPU
		{5C7D6E91-AA2E-46D5-B56A-B03D80DC547F}.Debug|Any CPU.Build.0 = Debug|Any CPU
		{5C7D6E91-AA2E-46D5-B56A-B03D80DC547F}.Release|Any CPU.ActiveCfg = Release|Any CPU
		{5C7D6E91-AA2E-46D5-B56A-B03D80DC547F}.Release|Any CPU.Build.0 = Release|Any CPU
	EndGlobalSection
	GlobalSection(SolutionProperties) = preSolution
		HideSolutionNode = FALSE
	EndGlobalSection
	GlobalSection(ExtensibilityGlobals) = postSolution
		SolutionGuid = {14743CA8-9E0F-4011-8DD3-4DD423790041}
	EndGlobalSection
EndGlobal
